
Microsoft Visual Studio Solution File, Format Version 12.00
# Visual Studio 15
VisualStudioVersion = 15.0.27703.2047
MinimumVisualStudioVersion = 10.0.40219.1
Project("{FAE04EC0-301F-11D3-BF4B-00C04F79EFBC}") = "Function", "Function\Function.csproj", "{53B942AA-48B9-49C4-8FF9-3AD5B7F95364}"
EndProject
Project("{FAE04EC0-301F-11D3-BF4B-00C04F79EFBC}") = "WebJob", "WebJob\WebJob.csproj", "{DD27836F-493A-46E8-A4FF-C7A1B975CAB1}"
EndProject
Project("{FAE04EC0-301F-11D3-BF4B-00C04F79EFBC}") = "Core", "Core\Core.csproj", "{12AACDBC-6C5E-4F0B-B73F-E3F46B92617A}"
EndProject
Global
	GlobalSection(SolutionConfigurationPlatforms) = preSolution
		Debug|Any CPU = Debug|Any CPU
		Release|Any CPU = Release|Any CPU
	EndGlobalSection
	GlobalSection(ProjectConfigurationPlatforms) = postSolution
		{53B942AA-48B9-49C4-8FF9-3AD5B7F95364}.Debug|Any CPU.ActiveCfg = Debug|Any CPU
		{53B942AA-48B9-49C4-8FF9-3AD5B7F95364}.Debug|Any CPU.Build.0 = Debug|Any CPU
		{53B942AA-48B9-49C4-8FF9-3AD5B7F95364}.Release|Any CPU.ActiveCfg = Release|Any CPU
		{53B942AA-48B9-49C4-8FF9-3AD5B7F95364}.Release|Any CPU.Build.0 = Release|Any CPU
		{DD27836F-493A-46E8-A4FF-C7A1B975CAB1}.Debug|Any CPU.ActiveCfg = Debug|Any CPU
		{DD27836F-493A-46E8-A4FF-C7A1B975CAB1}.Debug|Any CPU.Build.0 = Debug|Any CPU
		{DD27836F-493A-46E8-A4FF-C7A1B975CAB1}.Release|Any CPU.ActiveCfg = Release|Any CPU
		{DD27836F-493A-46E8-A4FF-C7A1B975CAB1}.Release|Any CPU.Build.0 = Release|Any CPU
		{12AACDBC-6C5E-4F0B-B73F-E3F46B92617A}.Debug|Any CPU.ActiveCfg = Debug|Any CPU
		{12AACDBC-6C5E-4F0B-B73F-E3F46B92617A}.Debug|Any CPU.Build.0 = Debug|Any CPU
		{12AACDBC-6C5E-4F0B-B73F-E3F46B92617A}.Release|Any CPU.ActiveCfg = Release|Any CPU
		{12AACDBC-6C5E-4F0B-B73F-E3F46B92617A}.Release|Any CPU.Build.0 = Release|Any CPU
	EndGlobalSection
	GlobalSection(SolutionProperties) = preSolution
		HideSolutionNode = FALSE
	EndGlobalSection
	GlobalSection(ExtensibilityGlobals) = postSolution
		SolutionGuid = {4692232D-CD46-4973-B07F-56B8189C9F44}
	EndGlobalSection
EndGlobal
